
Microsoft Visual Studio Solution File, Format Version 12.00
# Visual Studio Version 17
VisualStudioVersion = 17.1.32210.238
MinimumVisualStudioVersion = 10.0.40219.1
Project("{FAE04EC0-301F-11D3-BF4B-00C04F79EFBC}") = "DesktopColorChanger", "DesktopColorChanger\DesktopColorChanger.csproj", "{B81D3BD4-5FA9-4E86-9F2C-07AB056E4561}"
EndProject
Global
	GlobalSection(SolutionConfigurationPlatforms) = preSolution
		Debug|Any CPU = Debug|Any CPU
		Release|Any CPU = Release|Any CPU
	EndGlobalSection
	GlobalSection(ProjectConfigurationPlatforms) = postSolution
		{B81D3BD4-5FA9-4E86-9F2C-07AB056E4561}.Debug|Any CPU.ActiveCfg = Debug|Any CPU
		{B81D3BD4-5FA9-4E86-9F2C-07AB056E4561}.Debug|Any CPU.Build.0 = Debug|Any CPU
		{B81D3BD4-5FA9-4E86-9F2C-07AB056E4561}.Release|Any CPU.ActiveCfg = Release|Any CPU
		{B81D3BD4-5FA9-4E86-9F2C-07AB056E4561}.Release|Any CPU.Build.0 = Release|Any CPU
	EndGlobalSection
	GlobalSection(SolutionProperties) = preSolution
		HideSolutionNode = FALSE
	EndGlobalSection
	GlobalSection(ExtensibilityGlobals) = postSolution
		SolutionGuid = {1895980E-6BA8-43C7-A36D-1EC9AA21716B}
	EndGlobalSection
EndGlobal
